// !$*UTF8*$!
{
	archiveVersion = 1;
	classes = {
	};
	objectVersion = 56;
	objects = {

/* Begin PBXBuildFile section */
		2519477629ED36150000714B /* AppDelegate.swift in Sources */ = {isa = PBXBuildFile; fileRef = 2519477529ED36150000714B /* AppDelegate.swift */; };
		2519477829ED36150000714B /* SceneDelegate.swift in Sources */ = {isa = PBXBuildFile; fileRef = 2519477729ED36150000714B /* SceneDelegate.swift */; };
		2519477A29ED36150000714B /* ViewController.swift in Sources */ = {isa = PBXBuildFile; fileRef = 2519477929ED36150000714B /* ViewController.swift */; };
		2519477D29ED36150000714B /* Main.storyboard in Resources */ = {isa = PBXBuildFile; fileRef = 2519477B29ED36150000714B /* Main.storyboard */; };
		2519477F29ED36160000714B /* Assets.xcassets in Resources */ = {isa = PBXBuildFile; fileRef = 2519477E29ED36160000714B /* Assets.xcassets */; };
		2519478229ED36160000714B /* LaunchScreen.storyboard in Resources */ = {isa = PBXBuildFile; fileRef = 2519478029ED36160000714B /* LaunchScreen.storyboard */; };
		2519478D29ED36160000714B /* LocationsTests.swift in Sources */ = {isa = PBXBuildFile; fileRef = 2519478C29ED36160000714B /* LocationsTests.swift */; };
		2519479729ED36160000714B /* LocationsUITests.swift in Sources */ = {isa = PBXBuildFile; fileRef = 2519479629ED36160000714B /* LocationsUITests.swift */; };
		2519479929ED36160000714B /* LocationsUITestsLaunchTests.swift in Sources */ = {isa = PBXBuildFile; fileRef = 2519479829ED36160000714B /* LocationsUITestsLaunchTests.swift */; };
		251947DA29ED38A20000714B /* APIV1Location.swift in Sources */ = {isa = PBXBuildFile; fileRef = 251947CC29ED38A20000714B /* APIV1Location.swift */; };
		251947DB29ED38A20000714B /* APIV1GETLocationsResponse.swift in Sources */ = {isa = PBXBuildFile; fileRef = 251947CD29ED38A20000714B /* APIV1GETLocationsResponse.swift */; };
		251947DC29ED38A20000714B /* GETRequest.swift in Sources */ = {isa = PBXBuildFile; fileRef = 251947CF29ED38A20000714B /* GETRequest.swift */; };
		251947DD29ED38A20000714B /* APIError.swift in Sources */ = {isa = PBXBuildFile; fileRef = 251947D029ED38A20000714B /* APIError.swift */; };
		251947DE29ED38A20000714B /* APIService.swift in Sources */ = {isa = PBXBuildFile; fileRef = 251947D129ED38A20000714B /* APIService.swift */; };
		251947EB29ED38FE0000714B /* TableViewCell.swift in Sources */ = {isa = PBXBuildFile; fileRef = 251947E529ED38FE0000714B /* TableViewCell.swift */; };
		251947EC29ED38FE0000714B /* Namespace.swift in Sources */ = {isa = PBXBuildFile; fileRef = 251947E629ED38FE0000714B /* Namespace.swift */; };
		251947ED29ED38FE0000714B /* UIVIew+Extensions.swift in Sources */ = {isa = PBXBuildFile; fileRef = 251947E829ED38FE0000714B /* UIVIew+Extensions.swift */; };
		251947EE29ED38FE0000714B /* UpdateableView.swift in Sources */ = {isa = PBXBuildFile; fileRef = 251947EA29ED38FE0000714B /* UpdateableView.swift */; };
		251947F629ED399C0000714B /* Location.swift in Sources */ = {isa = PBXBuildFile; fileRef = 251947F229ED399C0000714B /* Location.swift */; };
		251947FB29ED39EB0000714B /* LocationsController.swift in Sources */ = {isa = PBXBuildFile; fileRef = 251947FA29ED39EB0000714B /* LocationsController.swift */; };
/* End PBXBuildFile section */

/* Begin PBXContainerItemProxy section */
		2519478929ED36160000714B /* PBXContainerItemProxy */ = {
			isa = PBXContainerItemProxy;
			containerPortal = 2519476A29ED36150000714B /* Project object */;
			proxyType = 1;
			remoteGlobalIDString = 2519477129ED36150000714B;
			remoteInfo = Locations;
		};
		2519479329ED36160000714B /* PBXContainerItemProxy */ = {
			isa = PBXContainerItemProxy;
			containerPortal = 2519476A29ED36150000714B /* Project object */;
			proxyType = 1;
			remoteGlobalIDString = 2519477129ED36150000714B;
			remoteInfo = Locations;
		};
/* End PBXContainerItemProxy section */

/* Begin PBXFileReference section */
		2519477229ED36150000714B /* Locations.app */ = {isa = PBXFileReference; explicitFileType = wrapper.application; includeInIndex = 0; path = Locations.app; sourceTree = BUILT_PRODUCTS_DIR; };
		2519477529ED36150000714B /* AppDelegate.swift */ = {isa = PBXFileReference; lastKnownFileType = sourcecode.swift; path = AppDelegate.swift; sourceTree = "<group>"; };
		2519477729ED36150000714B /* SceneDelegate.swift */ = {isa = PBXFileReference; lastKnownFileType = sourcecode.swift; path = SceneDelegate.swift; sourceTree = "<group>"; };
		2519477929ED36150000714B /* ViewController.swift */ = {isa = PBXFileReference; lastKnownFileType = sourcecode.swift; path = ViewController.swift; sourceTree = "<group>"; };
		2519477C29ED36150000714B /* Base */ = {isa = PBXFileReference; lastKnownFileType = file.storyboard; name = Base; path = Base.lproj/Main.storyboard; sourceTree = "<group>"; };
		2519477E29ED36160000714B /* Assets.xcassets */ = {isa = PBXFileReference; lastKnownFileType = folder.assetcatalog; path = Assets.xcassets; sourceTree = "<group>"; };
		2519478129ED36160000714B /* Base */ = {isa = PBXFileReference; lastKnownFileType = file.storyboard; name = Base; path = Base.lproj/LaunchScreen.storyboard; sourceTree = "<group>"; };
		2519478329ED36160000714B /* Info.plist */ = {isa = PBXFileReference; lastKnownFileType = text.plist.xml; path = Info.plist; sourceTree = "<group>"; };
		2519478829ED36160000714B /* LocationsTests.xctest */ = {isa = PBXFileReference; explicitFileType = wrapper.cfbundle; includeInIndex = 0; path = LocationsTests.xctest; sourceTree = BUILT_PRODUCTS_DIR; };
		2519478C29ED36160000714B /* LocationsTests.swift */ = {isa = PBXFileReference; lastKnownFileType = sourcecode.swift; path = LocationsTests.swift; sourceTree = "<group>"; };
		2519479229ED36160000714B /* LocationsUITests.xctest */ = {isa = PBXFileReference; explicitFileType = wrapper.cfbundle; includeInIndex = 0; path = LocationsUITests.xctest; sourceTree = BUILT_PRODUCTS_DIR; };
		2519479629ED36160000714B /* LocationsUITests.swift */ = {isa = PBXFileReference; lastKnownFileType = sourcecode.swift; path = LocationsUITests.swift; sourceTree = "<group>"; };
		2519479829ED36160000714B /* LocationsUITestsLaunchTests.swift */ = {isa = PBXFileReference; lastKnownFileType = sourcecode.swift; path = LocationsUITestsLaunchTests.swift; sourceTree = "<group>"; };
		251947CC29ED38A20000714B /* APIV1Location.swift */ = {isa = PBXFileReference; fileEncoding = 4; lastKnownFileType = sourcecode.swift; path = APIV1Location.swift; sourceTree = "<group>"; };
		251947CD29ED38A20000714B /* APIV1GETLocationsResponse.swift */ = {isa = PBXFileReference; fileEncoding = 4; lastKnownFileType = sourcecode.swift; path = APIV1GETLocationsResponse.swift; sourceTree = "<group>"; };
		251947CF29ED38A20000714B /* GETRequest.swift */ = {isa = PBXFileReference; fileEncoding = 4; lastKnownFileType = sourcecode.swift; path = GETRequest.swift; sourceTree = "<group>"; };
		251947D029ED38A20000714B /* APIError.swift */ = {isa = PBXFileReference; fileEncoding = 4; lastKnownFileType = sourcecode.swift; path = APIError.swift; sourceTree = "<group>"; };
		251947D129ED38A20000714B /* APIService.swift */ = {isa = PBXFileReference; fileEncoding = 4; lastKnownFileType = sourcecode.swift; path = APIService.swift; sourceTree = "<group>"; };
		251947E529ED38FE0000714B /* TableViewCell.swift */ = {isa = PBXFileReference; fileEncoding = 4; lastKnownFileType = sourcecode.swift; path = TableViewCell.swift; sourceTree = "<group>"; };
		251947E629ED38FE0000714B /* Namespace.swift */ = {isa = PBXFileReference; fileEncoding = 4; lastKnownFileType = sourcecode.swift; path = Namespace.swift; sourceTree = "<group>"; };
		251947E829ED38FE0000714B /* UIVIew+Extensions.swift */ = {isa = PBXFileReference; fileEncoding = 4; lastKnownFileType = sourcecode.swift; path = "UIVIew+Extensions.swift"; sourceTree = "<group>"; };
		251947EA29ED38FE0000714B /* UpdateableView.swift */ = {isa = PBXFileReference; fileEncoding = 4; lastKnownFileType = sourcecode.swift; path = UpdateableView.swift; sourceTree = "<group>"; };
		251947F229ED399C0000714B /* Location.swift */ = {isa = PBXFileReference; fileEncoding = 4; lastKnownFileType = sourcecode.swift; path = Location.swift; sourceTree = "<group>"; };
		251947FA29ED39EB0000714B /* LocationsController.swift */ = {isa = PBXFileReference; fileEncoding = 4; lastKnownFileType = sourcecode.swift; path = LocationsController.swift; sourceTree = "<group>"; };
/* End PBXFileReference section */

/* Begin PBXFrameworksBuildPhase section */
		2519476F29ED36150000714B /* Frameworks */ = {
			isa = PBXFrameworksBuildPhase;
			buildActionMask = 2147483647;
			files = (
			);
			runOnlyForDeploymentPostprocessing = 0;
		};
		2519478529ED36160000714B /* Frameworks */ = {
			isa = PBXFrameworksBuildPhase;
			buildActionMask = 2147483647;
			files = (
			);
			runOnlyForDeploymentPostprocessing = 0;
		};
		2519478F29ED36160000714B /* Frameworks */ = {
			isa = PBXFrameworksBuildPhase;
			buildActionMask = 2147483647;
			files = (
			);
			runOnlyForDeploymentPostprocessing = 0;
		};
/* End PBXFrameworksBuildPhase section */

/* Begin PBXGroup section */
		2519476929ED36150000714B = {
			isa = PBXGroup;
			children = (
				2519477429ED36150000714B /* Locations */,
				2519478B29ED36160000714B /* LocationsTests */,
				2519479529ED36160000714B /* LocationsUITests */,
				2519477329ED36150000714B /* Products */,
			);
			sourceTree = "<group>";
		};
		2519477329ED36150000714B /* Products */ = {
			isa = PBXGroup;
			children = (
				2519477229ED36150000714B /* Locations.app */,
				2519478829ED36160000714B /* LocationsTests.xctest */,
				2519479229ED36160000714B /* LocationsUITests.xctest */,
			);
			name = Products;
			sourceTree = "<group>";
		};
		2519477429ED36150000714B /* Locations */ = {
			isa = PBXGroup;
			children = (
				251947EF29ED39370000714B /* Views */,
				251947A529ED372F0000714B /* Modules */,
				2519477529ED36150000714B /* AppDelegate.swift */,
				2519477729ED36150000714B /* SceneDelegate.swift */,
				2519477929ED36150000714B /* ViewController.swift */,
				2519477B29ED36150000714B /* Main.storyboard */,
				2519477E29ED36160000714B /* Assets.xcassets */,
				2519478029ED36160000714B /* LaunchScreen.storyboard */,
				2519478329ED36160000714B /* Info.plist */,
			);
			path = Locations;
			sourceTree = "<group>";
		};
		2519478B29ED36160000714B /* LocationsTests */ = {
			isa = PBXGroup;
			children = (
				2519478C29ED36160000714B /* LocationsTests.swift */,
			);
			path = LocationsTests;
			sourceTree = "<group>";
		};
		2519479529ED36160000714B /* LocationsUITests */ = {
			isa = PBXGroup;
			children = (
				2519479629ED36160000714B /* LocationsUITests.swift */,
				2519479829ED36160000714B /* LocationsUITestsLaunchTests.swift */,
			);
			path = LocationsUITests;
			sourceTree = "<group>";
		};
		251947A529ED372F0000714B /* Modules */ = {
			isa = PBXGroup;
			children = (
				251947E329ED38FE0000714B /* UIComponents */,
				251947CA29ED38A20000714B /* API */,
			);
			path = Modules;
			sourceTree = "<group>";
		};
		251947CA29ED38A20000714B /* API */ = {
			isa = PBXGroup;
			children = (
				251947CB29ED38A20000714B /* Responses */,
				251947CE29ED38A20000714B /* Service */,
			);
			path = API;
			sourceTree = "<group>";
		};
		251947CB29ED38A20000714B /* Responses */ = {
			isa = PBXGroup;
			children = (
				251947CC29ED38A20000714B /* APIV1Location.swift */,
				251947CD29ED38A20000714B /* APIV1GETLocationsResponse.swift */,
			);
			path = Responses;
			sourceTree = "<group>";
		};
		251947CE29ED38A20000714B /* Service */ = {
			isa = PBXGroup;
			children = (
				251947CF29ED38A20000714B /* GETRequest.swift */,
				251947D029ED38A20000714B /* APIError.swift */,
				251947D129ED38A20000714B /* APIService.swift */,
			);
			path = Service;
			sourceTree = "<group>";
		};
		251947E329ED38FE0000714B /* UIComponents */ = {
			isa = PBXGroup;
			children = (
				251947E429ED38FE0000714B /* TabelView */,
				251947E629ED38FE0000714B /* Namespace.swift */,
				251947E729ED38FE0000714B /* Extensions */,
				251947E929ED38FE0000714B /* Protocols */,
			);
			path = UIComponents;
			sourceTree = "<group>";
		};
		251947E429ED38FE0000714B /* TabelView */ = {
			isa = PBXGroup;
			children = (
				251947E529ED38FE0000714B /* TableViewCell.swift */,
			);
			path = TabelView;
			sourceTree = "<group>";
		};
		251947E729ED38FE0000714B /* Extensions */ = {
			isa = PBXGroup;
			children = (
				251947E829ED38FE0000714B /* UIVIew+Extensions.swift */,
			);
			path = Extensions;
			sourceTree = "<group>";
		};
		251947E929ED38FE0000714B /* Protocols */ = {
			isa = PBXGroup;
			children = (
				251947EA29ED38FE0000714B /* UpdateableView.swift */,
			);
			path = Protocols;
			sourceTree = "<group>";
		};
		251947EF29ED39370000714B /* Views */ = {
			isa = PBXGroup;
			children = (
				251947F129ED399C0000714B /* Locations */,
			);
			path = Views;
			sourceTree = "<group>";
		};
		251947F129ED399C0000714B /* Locations */ = {
			isa = PBXGroup;
			children = (
				251947FA29ED39EB0000714B /* LocationsController.swift */,
				251947F229ED399C0000714B /* Location.swift */,
			);
			path = Locations;
			sourceTree = "<group>";
		};
/* End PBXGroup section */

/* Begin PBXNativeTarget section */
		2519477129ED36150000714B /* Locations */ = {
			isa = PBXNativeTarget;
			buildConfigurationList = 2519479C29ED36160000714B /* Build configuration list for PBXNativeTarget "Locations" */;
			buildPhases = (
				2519476E29ED36150000714B /* Sources */,
				2519476F29ED36150000714B /* Frameworks */,
				2519477029ED36150000714B /* Resources */,
			);
			buildRules = (
			);
			dependencies = (
			);
			name = Locations;
			productName = Locations;
			productReference = 2519477229ED36150000714B /* Locations.app */;
			productType = "com.apple.product-type.application";
		};
		2519478729ED36160000714B /* LocationsTests */ = {
			isa = PBXNativeTarget;
			buildConfigurationList = 2519479F29ED36160000714B /* Build configuration list for PBXNativeTarget "LocationsTests" */;
			buildPhases = (
				2519478429ED36160000714B /* Sources */,
				2519478529ED36160000714B /* Frameworks */,
				2519478629ED36160000714B /* Resources */,
			);
			buildRules = (
			);
			dependencies = (
				2519478A29ED36160000714B /* PBXTargetDependency */,
			);
			name = LocationsTests;
			productName = LocationsTests;
			productReference = 2519478829ED36160000714B /* LocationsTests.xctest */;
			productType = "com.apple.product-type.bundle.unit-test";
		};
		2519479129ED36160000714B /* LocationsUITests */ = {
			isa = PBXNativeTarget;
			buildConfigurationList = 251947A229ED36160000714B /* Build configuration list for PBXNativeTarget "LocationsUITests" */;
			buildPhases = (
				2519478E29ED36160000714B /* Sources */,
				2519478F29ED36160000714B /* Frameworks */,
				2519479029ED36160000714B /* Resources */,
			);
			buildRules = (
			);
			dependencies = (
				2519479429ED36160000714B /* PBXTargetDependency */,
			);
			name = LocationsUITests;
			productName = LocationsUITests;
			productReference = 2519479229ED36160000714B /* LocationsUITests.xctest */;
			productType = "com.apple.product-type.bundle.ui-testing";
		};
/* End PBXNativeTarget section */

/* Begin PBXProject section */
		2519476A29ED36150000714B /* Project object */ = {
			isa = PBXProject;
			attributes = {
				BuildIndependentTargetsInParallel = 1;
				LastSwiftUpdateCheck = 1420;
				LastUpgradeCheck = 1420;
				TargetAttributes = {
					2519477129ED36150000714B = {
						CreatedOnToolsVersion = 14.2;
					};
					2519478729ED36160000714B = {
						CreatedOnToolsVersion = 14.2;
						TestTargetID = 2519477129ED36150000714B;
					};
					2519479129ED36160000714B = {
						CreatedOnToolsVersion = 14.2;
						TestTargetID = 2519477129ED36150000714B;
					};
				};
			};
			buildConfigurationList = 2519476D29ED36150000714B /* Build configuration list for PBXProject "Locations" */;
			compatibilityVersion = "Xcode 14.0";
			developmentRegion = en;
			hasScannedForEncodings = 0;
			knownRegions = (
				en,
				Base,
			);
			mainGroup = 2519476929ED36150000714B;
			productRefGroup = 2519477329ED36150000714B /* Products */;
			projectDirPath = "";
			projectRoot = "";
			targets = (
				2519477129ED36150000714B /* Locations */,
				2519478729ED36160000714B /* LocationsTests */,
				2519479129ED36160000714B /* LocationsUITests */,
			);
		};
/* End PBXProject section */

/* Begin PBXResourcesBuildPhase section */
		2519477029ED36150000714B /* Resources */ = {
			isa = PBXResourcesBuildPhase;
			buildActionMask = 2147483647;
			files = (
				2519478229ED36160000714B /* LaunchScreen.storyboard in Resources */,
				2519477F29ED36160000714B /* Assets.xcassets in Resources */,
				2519477D29ED36150000714B /* Main.storyboard in Resources */,
			);
			runOnlyForDeploymentPostprocessing = 0;
		};
		2519478629ED36160000714B /* Resources */ = {
			isa = PBXResourcesBuildPhase;
			buildActionMask = 2147483647;
			files = (
			);
			runOnlyForDeploymentPostprocessing = 0;
		};
		2519479029ED36160000714B /* Resources */ = {
			isa = PBXResourcesBuildPhase;
			buildActionMask = 2147483647;
			files = (
			);
			runOnlyForDeploymentPostprocessing = 0;
		};
/* End PBXResourcesBuildPhase section */

/* Begin PBXSourcesBuildPhase section */
		2519476E29ED36150000714B /* Sources */ = {
			isa = PBXSourcesBuildPhase;
			buildActionMask = 2147483647;
			files = (
				251947DB29ED38A20000714B /* APIV1GETLocationsResponse.swift in Sources */,
				251947DA29ED38A20000714B /* APIV1Location.swift in Sources */,
				2519477A29ED36150000714B /* ViewController.swift in Sources */,
				251947ED29ED38FE0000714B /* UIVIew+Extensions.swift in Sources */,
				251947EC29ED38FE0000714B /* Namespace.swift in Sources */,
				251947EE29ED38FE0000714B /* UpdateableView.swift in Sources */,
				251947F629ED399C0000714B /* Location.swift in Sources */,
				251947EB29ED38FE0000714B /* TableViewCell.swift in Sources */,
				251947FB29ED39EB0000714B /* LocationsController.swift in Sources */,
				2519477629ED36150000714B /* AppDelegate.swift in Sources */,
				251947DC29ED38A20000714B /* GETRequest.swift in Sources */,
				2519477829ED36150000714B /* SceneDelegate.swift in Sources */,
				251947DE29ED38A20000714B /* APIService.swift in Sources */,
				251947DD29ED38A20000714B /* APIError.swift in Sources */,
			);
			runOnlyForDeploymentPostprocessing = 0;
		};
		2519478429ED36160000714B /* Sources */ = {
			isa = PBXSourcesBuildPhase;
			buildActionMask = 2147483647;
			files = (
				2519478D29ED36160000714B /* LocationsTests.swift in Sources */,
			);
			runOnlyForDeploymentPostprocessing = 0;
		};
		2519478E29ED36160000714B /* Sources */ = {
			isa = PBXSourcesBuildPhase;
			buildActionMask = 2147483647;
			files = (
				2519479729ED36160000714B /* LocationsUITests.swift in Sources */,
				2519479929ED36160000714B /* LocationsUITestsLaunchTests.swift in Sources */,
			);
			runOnlyForDeploymentPostprocessing = 0;
		};
/* End PBXSourcesBuildPhase section */

/* Begin PBXTargetDependency section */
		2519478A29ED36160000714B /* PBXTargetDependency */ = {
			isa = PBXTargetDependency;
			target = 2519477129ED36150000714B /* Locations */;
			targetProxy = 2519478929ED36160000714B /* PBXContainerItemProxy */;
		};
		2519479429ED36160000714B /* PBXTargetDependency */ = {
			isa = PBXTargetDependency;
			target = 2519477129ED36150000714B /* Locations */;
			targetProxy = 2519479329ED36160000714B /* PBXContainerItemProxy */;
		};
/* End PBXTargetDependency section */

/* Begin PBXVariantGroup section */
		2519477B29ED36150000714B /* Main.storyboard */ = {
			isa = PBXVariantGroup;
			children = (
				2519477C29ED36150000714B /* Base */,
			);
			name = Main.storyboard;
			sourceTree = "<group>";
		};
		2519478029ED36160000714B /* LaunchScreen.storyboard */ = {
			isa = PBXVariantGroup;
			children = (
				2519478129ED36160000714B /* Base */,
			);
			name = LaunchScreen.storyboard;
			sourceTree = "<group>";
		};
/* End PBXVariantGroup section */

/* Begin XCBuildConfiguration section */
		2519479A29ED36160000714B /* Debug */ = {
			isa = XCBuildConfiguration;
			buildSettings = {
				ALWAYS_SEARCH_USER_PATHS = NO;
				CLANG_ANALYZER_NONNULL = YES;
				CLANG_ANALYZER_NUMBER_OBJECT_CONVERSION = YES_AGGRESSIVE;
				CLANG_CXX_LANGUAGE_STANDARD = "gnu++20";
				CLANG_ENABLE_MODULES = YES;
				CLANG_ENABLE_OBJC_ARC = YES;
				CLANG_ENABLE_OBJC_WEAK = YES;
				CLANG_WARN_BLOCK_CAPTURE_AUTORELEASING = YES;
				CLANG_WARN_BOOL_CONVERSION = YES;
				CLANG_WARN_COMMA = YES;
				CLANG_WARN_CONSTANT_CONVERSION = YES;
				CLANG_WARN_DEPRECATED_OBJC_IMPLEMENTATIONS = YES;
				CLANG_WARN_DIRECT_OBJC_ISA_USAGE = YES_ERROR;
				CLANG_WARN_DOCUMENTATION_COMMENTS = YES;
				CLANG_WARN_EMPTY_BODY = YES;
				CLANG_WARN_ENUM_CONVERSION = YES;
				CLANG_WARN_INFINITE_RECURSION = YES;
				CLANG_WARN_INT_CONVERSION = YES;
				CLANG_WARN_NON_LITERAL_NULL_CONVERSION = YES;
				CLANG_WARN_OBJC_IMPLICIT_RETAIN_SELF = YES;
				CLANG_WARN_OBJC_LITERAL_CONVERSION = YES;
				CLANG_WARN_OBJC_ROOT_CLASS = YES_ERROR;
				CLANG_WARN_QUOTED_INCLUDE_IN_FRAMEWORK_HEADER = YES;
				CLANG_WARN_RANGE_LOOP_ANALYSIS = YES;
				CLANG_WARN_STRICT_PROTOTYPES = YES;
				CLANG_WARN_SUSPICIOUS_MOVE = YES;
				CLANG_WARN_UNGUARDED_AVAILABILITY = YES_AGGRESSIVE;
				CLANG_WARN_UNREACHABLE_CODE = YES;
				CLANG_WARN__DUPLICATE_METHOD_MATCH = YES;
				COPY_PHASE_STRIP = NO;
				DEBUG_INFORMATION_FORMAT = dwarf;
				ENABLE_STRICT_OBJC_MSGSEND = YES;
				ENABLE_TESTABILITY = YES;
				GCC_C_LANGUAGE_STANDARD = gnu11;
				GCC_DYNAMIC_NO_PIC = NO;
				GCC_NO_COMMON_BLOCKS = YES;
				GCC_OPTIMIZATION_LEVEL = 0;
				GCC_PREPROCESSOR_DEFINITIONS = (
					"DEBUG=1",
					"$(inherited)",
				);
				GCC_WARN_64_TO_32_BIT_CONVERSION = YES;
				GCC_WARN_ABOUT_RETURN_TYPE = YES_ERROR;
				GCC_WARN_UNDECLARED_SELECTOR = YES;
				GCC_WARN_UNINITIALIZED_AUTOS = YES_AGGRESSIVE;
				GCC_WARN_UNUSED_FUNCTION = YES;
				GCC_WARN_UNUSED_VARIABLE = YES;
				IPHONEOS_DEPLOYMENT_TARGET = 16.2;
				MTL_ENABLE_DEBUG_INFO = INCLUDE_SOURCE;
				MTL_FAST_MATH = YES;
				ONLY_ACTIVE_ARCH = YES;
				SDKROOT = iphoneos;
				SWIFT_ACTIVE_COMPILATION_CONDITIONS = DEBUG;
				SWIFT_OPTIMIZATION_LEVEL = "-Onone";
			};
			name = Debug;
		};
		2519479B29ED36160000714B /* Release */ = {
			isa = XCBuildConfiguration;
			buildSettings = {
				ALWAYS_SEARCH_USER_PATHS = NO;
				CLANG_ANALYZER_NONNULL = YES;
				CLANG_ANALYZER_NUMBER_OBJECT_CONVERSION = YES_AGGRESSIVE;
				CLANG_CXX_LANGUAGE_STANDARD = "gnu++20";
				CLANG_ENABLE_MODULES = YES;
				CLANG_ENABLE_OBJC_ARC = YES;
				CLANG_ENABLE_OBJC_WEAK = YES;
				CLANG_WARN_BLOCK_CAPTURE_AUTORELEASING = YES;
				CLANG_WARN_BOOL_CONVERSION = YES;
				CLANG_WARN_COMMA = YES;
				CLANG_WARN_CONSTANT_CONVERSION = YES;
				CLANG_WARN_DEPRECATED_OBJC_IMPLEMENTATIONS = YES;
				CLANG_WARN_DIRECT_OBJC_ISA_USAGE = YES_ERROR;
				CLANG_WARN_DOCUMENTATION_COMMENTS = YES;
				CLANG_WARN_EMPTY_BODY = YES;
				CLANG_WARN_ENUM_CONVERSION = YES;
				CLANG_WARN_INFINITE_RECURSION = YES;
				CLANG_WARN_INT_CONVERSION = YES;
				CLANG_WARN_NON_LITERAL_NULL_CONVERSION = YES;
				CLANG_WARN_OBJC_IMPLICIT_RETAIN_SELF = YES;
				CLANG_WARN_OBJC_LITERAL_CONVERSION = YES;
				CLANG_WARN_OBJC_ROOT_CLASS = YES_ERROR;
				CLANG_WARN_QUOTED_INCLUDE_IN_FRAMEWORK_HEADER = YES;
				CLANG_WARN_RANGE_LOOP_ANALYSIS = YES;
				CLANG_WARN_STRICT_PROTOTYPES = YES;
				CLANG_WARN_SUSPICIOUS_MOVE = YES;
				CLANG_WARN_UNGUARDED_AVAILABILITY = YES_AGGRESSIVE;
				CLANG_WARN_UNREACHABLE_CODE = YES;
				CLANG_WARN__DUPLICATE_METHOD_MATCH = YES;
				COPY_PHASE_STRIP = NO;
				DEBUG_INFORMATION_FORMAT = "dwarf-with-dsym";
				ENABLE_NS_ASSERTIONS = NO;
				ENABLE_STRICT_OBJC_MSGSEND = YES;
				GCC_C_LANGUAGE_STANDARD = gnu11;
				GCC_NO_COMMON_BLOCKS = YES;
				GCC_WARN_64_TO_32_BIT_CONVERSION = YES;
				GCC_WARN_ABOUT_RETURN_TYPE = YES_ERROR;
				GCC_WARN_UNDECLARED_SELECTOR = YES;
				GCC_WARN_UNINITIALIZED_AUTOS = YES_AGGRESSIVE;
				GCC_WARN_UNUSED_FUNCTION = YES;
				GCC_WARN_UNUSED_VARIABLE = YES;
				IPHONEOS_DEPLOYMENT_TARGET = 16.2;
				MTL_ENABLE_DEBUG_INFO = NO;
				MTL_FAST_MATH = YES;
				SDKROOT = iphoneos;
				SWIFT_COMPILATION_MODE = wholemodule;
				SWIFT_OPTIMIZATION_LEVEL = "-O";
				VALIDATE_PRODUCT = YES;
			};
			name = Release;
		};
		2519479D29ED36160000714B /* Debug */ = {
			isa = XCBuildConfiguration;
			buildSettings = {
				ASSETCATALOG_COMPILER_APPICON_NAME = AppIcon;
				ASSETCATALOG_COMPILER_GLOBAL_ACCENT_COLOR_NAME = AccentColor;
				CODE_SIGN_STYLE = Automatic;
				CURRENT_PROJECT_VERSION = 1;
				DEVELOPMENT_TEAM = 7DS8RVAXAV;
				GENERATE_INFOPLIST_FILE = YES;
				INFOPLIST_FILE = Locations/Info.plist;
				INFOPLIST_KEY_UIApplicationSupportsIndirectInputEvents = YES;
				INFOPLIST_KEY_UILaunchStoryboardName = LaunchScreen;
				INFOPLIST_KEY_UIMainStoryboardFile = Main;
				INFOPLIST_KEY_UISupportedInterfaceOrientations_iPad = "UIInterfaceOrientationPortrait UIInterfaceOrientationPortraitUpsideDown UIInterfaceOrientationLandscapeLeft UIInterfaceOrientationLandscapeRight";
				INFOPLIST_KEY_UISupportedInterfaceOrientations_iPhone = "UIInterfaceOrientationPortrait UIInterfaceOrientationLandscapeLeft UIInterfaceOrientationLandscapeRight";
				LD_RUNPATH_SEARCH_PATHS = (
					"$(inherited)",
					"@executable_path/Frameworks",
				);
				MARKETING_VERSION = 1.0;
				PRODUCT_BUNDLE_IDENTIFIER = arne.oldenhave.Locations;
				PRODUCT_NAME = "$(TARGET_NAME)";
				SWIFT_EMIT_LOC_STRINGS = YES;
				SWIFT_VERSION = 5.0;
				TARGETED_DEVICE_FAMILY = "1,2";
			};
			name = Debug;
		};
		2519479E29ED36160000714B /* Release */ = {
			isa = XCBuildConfiguration;
			buildSettings = {
				ASSETCATALOG_COMPILER_APPICON_NAME = AppIcon;
				ASSETCATALOG_COMPILER_GLOBAL_ACCENT_COLOR_NAME = AccentColor;
				CODE_SIGN_STYLE = Automatic;
				CURRENT_PROJECT_VERSION = 1;
				DEVELOPMENT_TEAM = 7DS8RVAXAV;
				GENERATE_INFOPLIST_FILE = YES;
				INFOPLIST_FILE = Locations/Info.plist;
				INFOPLIST_KEY_UIApplicationSupportsIndirectInputEvents = YES;
				INFOPLIST_KEY_UILaunchStoryboardName = LaunchScreen;
				INFOPLIST_KEY_UIMainStoryboardFile = Main;
				INFOPLIST_KEY_UISupportedInterfaceOrientations_iPad = "UIInterfaceOrientationPortrait UIInterfaceOrientationPortraitUpsideDown UIInterfaceOrientationLandscapeLeft UIInterfaceOrientationLandscapeRight";
				INFOPLIST_KEY_UISupportedInterfaceOrientations_iPhone = "UIInterfaceOrientationPortrait UIInterfaceOrientationLandscapeLeft UIInterfaceOrientationLandscapeRight";
				LD_RUNPATH_SEARCH_PATHS = (
					"$(inherited)",
					"@executable_path/Frameworks",
				);
				MARKETING_VERSION = 1.0;
				PRODUCT_BUNDLE_IDENTIFIER = arne.oldenhave.Locations;
				PRODUCT_NAME = "$(TARGET_NAME)";
				SWIFT_EMIT_LOC_STRINGS = YES;
				SWIFT_VERSION = 5.0;
				TARGETED_DEVICE_FAMILY = "1,2";
			};
			name = Release;
		};
		251947A029ED36160000714B /* Debug */ = {
			isa = XCBuildConfiguration;
			buildSettings = {
				ALWAYS_EMBED_SWIFT_STANDARD_LIBRARIES = YES;
				BUNDLE_LOADER = "$(TEST_HOST)";
				CODE_SIGN_STYLE = Automatic;
				CURRENT_PROJECT_VERSION = 1;
				DEVELOPMENT_TEAM = 7DS8RVAXAV;
				GENERATE_INFOPLIST_FILE = YES;
				IPHONEOS_DEPLOYMENT_TARGET = 16.2;
				MARKETING_VERSION = 1.0;
				PRODUCT_BUNDLE_IDENTIFIER = arne.oldenhave.LocationsTests;
				PRODUCT_NAME = "$(TARGET_NAME)";
				SWIFT_EMIT_LOC_STRINGS = NO;
				SWIFT_VERSION = 5.0;
				TARGETED_DEVICE_FAMILY = "1,2";
				TEST_HOST = "$(BUILT_PRODUCTS_DIR)/Locations.app/$(BUNDLE_EXECUTABLE_FOLDER_PATH)/Locations";
			};
			name = Debug;
		};
		251947A129ED36160000714B /* Release */ = {
			isa = XCBuildConfiguration;
			buildSettings = {
				ALWAYS_EMBED_SWIFT_STANDARD_LIBRARIES = YES;
				BUNDLE_LOADER = "$(TEST_HOST)";
				CODE_SIGN_STYLE = Automatic;
				CURRENT_PROJECT_VERSION = 1;
				DEVELOPMENT_TEAM = 7DS8RVAXAV;
				GENERATE_INFOPLIST_FILE = YES;
				IPHONEOS_DEPLOYMENT_TARGET = 16.2;
				MARKETING_VERSION = 1.0;
				PRODUCT_BUNDLE_IDENTIFIER = arne.oldenhave.LocationsTests;
				PRODUCT_NAME = "$(TARGET_NAME)";
				SWIFT_EMIT_LOC_STRINGS = NO;
				SWIFT_VERSION = 5.0;
				TARGETED_DEVICE_FAMILY = "1,2";
				TEST_HOST = "$(BUILT_PRODUCTS_DIR)/Locations.app/$(BUNDLE_EXECUTABLE_FOLDER_PATH)/Locations";
			};
			name = Release;
		};
		251947A329ED36160000714B /* Debug */ = {
			isa = XCBuildConfiguration;
			buildSettings = {
				ALWAYS_EMBED_SWIFT_STANDARD_LIBRARIES = YES;
				CODE_SIGN_STYLE = Automatic;
				CURRENT_PROJECT_VERSION = 1;
				DEVELOPMENT_TEAM = 7DS8RVAXAV;
				GENERATE_INFOPLIST_FILE = YES;
				MARKETING_VERSION = 1.0;
				PRODUCT_BUNDLE_IDENTIFIER = arne.oldenhave.LocationsUITests;
				PRODUCT_NAME = "$(TARGET_NAME)";
				SWIFT_EMIT_LOC_STRINGS = NO;
				SWIFT_VERSION = 5.0;
				TARGETED_DEVICE_FAMILY = "1,2";
				TEST_TARGET_NAME = Locations;
			};
			name = Debug;
		};
		251947A429ED36160000714B /* Release */ = {
			isa = XCBuildConfiguration;
			buildSettings = {
				ALWAYS_EMBED_SWIFT_STANDARD_LIBRARIES = YES;
				CODE_SIGN_STYLE = Automatic;
				CURRENT_PROJECT_VERSION = 1;
				DEVELOPMENT_TEAM = 7DS8RVAXAV;
				GENERATE_INFOPLIST_FILE = YES;
				MARKETING_VERSION = 1.0;
				PRODUCT_BUNDLE_IDENTIFIER = arne.oldenhave.LocationsUITests;
				PRODUCT_NAME = "$(TARGET_NAME)";
				SWIFT_EMIT_LOC_STRINGS = NO;
				SWIFT_VERSION = 5.0;
				TARGETED_DEVICE_FAMILY = "1,2";
				TEST_TARGET_NAME = Locations;
			};
			name = Release;
		};
/* End XCBuildConfiguration section */

/* Begin XCConfigurationList section */
		2519476D29ED36150000714B /* Build configuration list for PBXProject "Locations" */ = {
			isa = XCConfigurationList;
			buildConfigurations = (
				2519479A29ED36160000714B /* Debug */,
				2519479B29ED36160000714B /* Release */,
			);
			defaultConfigurationIsVisible = 0;
			defaultConfigurationName = Release;
		};
		2519479C29ED36160000714B /* Build configuration list for PBXNativeTarget "Locations" */ = {
			isa = XCConfigurationList;
			buildConfigurations = (
				2519479D29ED36160000714B /* Debug */,
				2519479E29ED36160000714B /* Release */,
			);
			defaultConfigurationIsVisible = 0;
			defaultConfigurationName = Release;
		};
		2519479F29ED36160000714B /* Build configuration list for PBXNativeTarget "LocationsTests" */ = {
			isa = XCConfigurationList;
			buildConfigurations = (
				251947A029ED36160000714B /* Debug */,
				251947A129ED36160000714B /* Release */,
			);
			defaultConfigurationIsVisible = 0;
			defaultConfigurationName = Release;
		};
		251947A229ED36160000714B /* Build configuration list for PBXNativeTarget "LocationsUITests" */ = {
			isa = XCConfigurationList;
			buildConfigurations = (
				251947A329ED36160000714B /* Debug */,
				251947A429ED36160000714B /* Release */,
			);
			defaultConfigurationIsVisible = 0;
			defaultConfigurationName = Release;
		};
/* End XCConfigurationList section */
	};
	rootObject = 2519476A29ED36150000714B /* Project object */;
}
